
Microsoft Visual Studio Solution File, Format Version 12.00
# Visual Studio 2013
VisualStudioVersion = 12.0.30501.0
MinimumVisualStudioVersion = 10.0.40219.1
Project("{FAE04EC0-301F-11D3-BF4B-00C04F79EFBC}") = "Auth.Models", "Auth.Models\Auth.Models.csproj", "{2158D825-6FED-4181-B7E2-20586848080D}"
EndProject
Project("{FAE04EC0-301F-11D3-BF4B-00C04F79EFBC}") = "Auth.ApplicationBlock", "Auth.ApplicationBlock\Auth.ApplicationBlock.csproj", "{49789641-599C-44C7-BA5E-ADAC44245568}"
EndProject
Project("{FAE04EC0-301F-11D3-BF4B-00C04F79EFBC}") = "Auth.Web", "Auth.Web\Auth.Web.csproj", "{C7AFB87C-B2AB-4456-A458-D2BABFE68690}"
EndProject
Project("{FAE04EC0-301F-11D3-BF4B-00C04F79EFBC}") = "Auth.DAL", "Auth.DAL\Auth.DAL.csproj", "{3E69ADAB-1088-4213-A647-51EE0E008C69}"
EndProject
Project("{FAE04EC0-301F-11D3-BF4B-00C04F79EFBC}") = "Auth.Interfaces", "Auth.Interfaces\Auth.Interfaces.csproj", "{A3BBDF3E-3654-40D4-B100-D75AC5D53AC7}"
EndProject
Project("{FAE04EC0-301F-11D3-BF4B-00C04F79EFBC}") = "Auth.UserManager", "Auth.UserManager\Auth.UserManager.csproj", "{D18D0A7D-921C-42E5-8EC5-97065A4481CE}"
EndProject
Global
	GlobalSection(SolutionConfigurationPlatforms) = preSolution
		Debug|Any CPU = Debug|Any CPU
		Release|Any CPU = Release|Any CPU
	EndGlobalSection
	GlobalSection(ProjectConfigurationPlatforms) = postSolution
		{2158D825-6FED-4181-B7E2-20586848080D}.Debug|Any CPU.ActiveCfg = Debug|Any CPU
		{2158D825-6FED-4181-B7E2-20586848080D}.Debug|Any CPU.Build.0 = Debug|Any CPU
		{2158D825-6FED-4181-B7E2-20586848080D}.Release|Any CPU.ActiveCfg = Release|Any CPU
		{2158D825-6FED-4181-B7E2-20586848080D}.Release|Any CPU.Build.0 = Release|Any CPU
		{49789641-599C-44C7-BA5E-ADAC44245568}.Debug|Any CPU.ActiveCfg = Debug|Any CPU
		{49789641-599C-44C7-BA5E-ADAC44245568}.Debug|Any CPU.Build.0 = Debug|Any CPU
		{49789641-599C-44C7-BA5E-ADAC44245568}.Release|Any CPU.ActiveCfg = Release|Any CPU
		{49789641-599C-44C7-BA5E-ADAC44245568}.Release|Any CPU.Build.0 = Release|Any CPU
		{C7AFB87C-B2AB-4456-A458-D2BABFE68690}.Debug|Any CPU.ActiveCfg = Debug|Any CPU
		{C7AFB87C-B2AB-4456-A458-D2BABFE68690}.Debug|Any CPU.Build.0 = Debug|Any CPU
		{C7AFB87C-B2AB-4456-A458-D2BABFE68690}.Release|Any CPU.ActiveCfg = Release|Any CPU
		{C7AFB87C-B2AB-4456-A458-D2BABFE68690}.Release|Any CPU.Build.0 = Release|Any CPU
		{3E69ADAB-1088-4213-A647-51EE0E008C69}.Debug|Any CPU.ActiveCfg = Debug|Any CPU
		{3E69ADAB-1088-4213-A647-51EE0E008C69}.Debug|Any CPU.Build.0 = Debug|Any CPU
		{3E69ADAB-1088-4213-A647-51EE0E008C69}.Release|Any CPU.ActiveCfg = Release|Any CPU
		{3E69ADAB-1088-4213-A647-51EE0E008C69}.Release|Any CPU.Build.0 = Release|Any CPU
		{A3BBDF3E-3654-40D4-B100-D75AC5D53AC7}.Debug|Any CPU.ActiveCfg = Debug|Any CPU
		{A3BBDF3E-3654-40D4-B100-D75AC5D53AC7}.Debug|Any CPU.Build.0 = Debug|Any CPU
		{A3BBDF3E-3654-40D4-B100-D75AC5D53AC7}.Release|Any CPU.ActiveCfg = Release|Any CPU
		{A3BBDF3E-3654-40D4-B100-D75AC5D53AC7}.Release|Any CPU.Build.0 = Release|Any CPU
		{D18D0A7D-921C-42E5-8EC5-97065A4481CE}.Debug|Any CPU.ActiveCfg = Debug|Any CPU
		{D18D0A7D-921C-42E5-8EC5-97065A4481CE}.Debug|Any CPU.Build.0 = Debug|Any CPU
		{D18D0A7D-921C-42E5-8EC5-97065A4481CE}.Release|Any CPU.ActiveCfg = Release|Any CPU
		{D18D0A7D-921C-42E5-8EC5-97065A4481CE}.Release|Any CPU.Build.0 = Release|Any CPU
	EndGlobalSection
	GlobalSection(SolutionProperties) = preSolution
		HideSolutionNode = FALSE
	EndGlobalSection
EndGlobal
