
Microsoft Visual Studio Solution File, Format Version 12.00
# Visual Studio 2013
VisualStudioVersion = 12.0.30501.0
MinimumVisualStudioVersion = 10.0.40219.1
Project("{FAE04EC0-301F-11D3-BF4B-00C04F79EFBC}") = "SaludGuru.Notifications", "SaludGuru.Notifications\SaludGuru.Notifications.csproj", "{EB22D2E8-1F3D-40C6-BE1E-8BD8BA87D971}"
EndProject
Project("{FAE04EC0-301F-11D3-BF4B-00C04F79EFBC}") = "SaludGuru.Notifications.Test", "SaludGuru.Notification.Test\SaludGuru.Notifications.Test.csproj", "{D900EE6A-084D-4EE6-8773-A0840E873AC2}"
EndProject
Global
	GlobalSection(SolutionConfigurationPlatforms) = preSolution
		Debug|Any CPU = Debug|Any CPU
		Release|Any CPU = Release|Any CPU
	EndGlobalSection
	GlobalSection(ProjectConfigurationPlatforms) = postSolution
		{EB22D2E8-1F3D-40C6-BE1E-8BD8BA87D971}.Debug|Any CPU.ActiveCfg = Debug|Any CPU
		{EB22D2E8-1F3D-40C6-BE1E-8BD8BA87D971}.Debug|Any CPU.Build.0 = Debug|Any CPU
		{EB22D2E8-1F3D-40C6-BE1E-8BD8BA87D971}.Release|Any CPU.ActiveCfg = Release|Any CPU
		{EB22D2E8-1F3D-40C6-BE1E-8BD8BA87D971}.Release|Any CPU.Build.0 = Release|Any CPU
		{D900EE6A-084D-4EE6-8773-A0840E873AC2}.Debug|Any CPU.ActiveCfg = Debug|Any CPU
		{D900EE6A-084D-4EE6-8773-A0840E873AC2}.Debug|Any CPU.Build.0 = Debug|Any CPU
		{D900EE6A-084D-4EE6-8773-A0840E873AC2}.Release|Any CPU.ActiveCfg = Release|Any CPU
		{D900EE6A-084D-4EE6-8773-A0840E873AC2}.Release|Any CPU.Build.0 = Release|Any CPU
	EndGlobalSection
	GlobalSection(SolutionProperties) = preSolution
		HideSolutionNode = FALSE
	EndGlobalSection
EndGlobal
