
Microsoft Visual Studio Solution File, Format Version 12.00
# Visual Studio 2013
VisualStudioVersion = 12.0.30501.0
MinimumVisualStudioVersion = 10.0.40219.1
Project("{FAE04EC0-301F-11D3-BF4B-00C04F79EFBC}") = "BackOffice.Models", "BackOffice.Models\BackOffice.Models.csproj", "{E3B570AF-A628-4D7A-A3BA-581978BC2C9A}"
EndProject
Project("{FAE04EC0-301F-11D3-BF4B-00C04F79EFBC}") = "BackOffice.Util", "BackOffice.Util\BackOffice.Util.csproj", "{BCAA11A1-9733-4A1F-BD7B-D645119CF6DE}"
EndProject
Global
	GlobalSection(SolutionConfigurationPlatforms) = preSolution
		Debug|Any CPU = Debug|Any CPU
		Release|Any CPU = Release|Any CPU
	EndGlobalSection
	GlobalSection(ProjectConfigurationPlatforms) = postSolution
		{E3B570AF-A628-4D7A-A3BA-581978BC2C9A}.Debug|Any CPU.ActiveCfg = Debug|Any CPU
		{E3B570AF-A628-4D7A-A3BA-581978BC2C9A}.Debug|Any CPU.Build.0 = Debug|Any CPU
		{E3B570AF-A628-4D7A-A3BA-581978BC2C9A}.Release|Any CPU.ActiveCfg = Release|Any CPU
		{E3B570AF-A628-4D7A-A3BA-581978BC2C9A}.Release|Any CPU.Build.0 = Release|Any CPU
		{BCAA11A1-9733-4A1F-BD7B-D645119CF6DE}.Debug|Any CPU.ActiveCfg = Debug|Any CPU
		{BCAA11A1-9733-4A1F-BD7B-D645119CF6DE}.Debug|Any CPU.Build.0 = Debug|Any CPU
		{BCAA11A1-9733-4A1F-BD7B-D645119CF6DE}.Release|Any CPU.ActiveCfg = Release|Any CPU
		{BCAA11A1-9733-4A1F-BD7B-D645119CF6DE}.Release|Any CPU.Build.0 = Release|Any CPU
	EndGlobalSection
	GlobalSection(SolutionProperties) = preSolution
		HideSolutionNode = FALSE
	EndGlobalSection
EndGlobal
